
Microsoft Visual Studio Solution File, Format Version 12.00
# Visual Studio Version 17
VisualStudioVersion = 17.0.32126.317
MinimumVisualStudioVersion = 10.0.40219.1
Project("{9A19103F-16F7-4668-BE54-9A1E7A4F7556}") = "ConsoleApp1", "ConsoleApp1\ConsoleApp1.csproj", "{7A35F88E-9611-4A90-8247-DB58BCF2E60E}"
EndProject
Project("{FAE04EC0-301F-11D3-BF4B-00C04F79EFBC}") = "RPGGameTests", "RPGGameTests\RPGGameTests.csproj", "{1D3C5DE7-C8EE-49E6-810B-672630051BA2}"
EndProject
Global
	GlobalSection(SolutionConfigurationPlatforms) = preSolution
		Debug|Any CPU = Debug|Any CPU
		Release|Any CPU = Release|Any CPU
	EndGlobalSection
	GlobalSection(ProjectConfigurationPlatforms) = postSolution
		{7A35F88E-9611-4A90-8247-DB58BCF2E60E}.Debug|Any CPU.ActiveCfg = Debug|Any CPU
		{7A35F88E-9611-4A90-8247-DB58BCF2E60E}.Debug|Any CPU.Build.0 = Debug|Any CPU
		{7A35F88E-9611-4A90-8247-DB58BCF2E60E}.Release|Any CPU.ActiveCfg = Release|Any CPU
		{7A35F88E-9611-4A90-8247-DB58BCF2E60E}.Release|Any CPU.Build.0 = Release|Any CPU
		{1D3C5DE7-C8EE-49E6-810B-672630051BA2}.Debug|Any CPU.ActiveCfg = Debug|Any CPU
		{1D3C5DE7-C8EE-49E6-810B-672630051BA2}.Debug|Any CPU.Build.0 = Debug|Any CPU
		{1D3C5DE7-C8EE-49E6-810B-672630051BA2}.Release|Any CPU.ActiveCfg = Release|Any CPU
		{1D3C5DE7-C8EE-49E6-810B-672630051BA2}.Release|Any CPU.Build.0 = Release|Any CPU
	EndGlobalSection
	GlobalSection(SolutionProperties) = preSolution
		HideSolutionNode = FALSE
	EndGlobalSection
	GlobalSection(ExtensibilityGlobals) = postSolution
		SolutionGuid = {5BFE8734-CC8F-410F-AF92-E4C08171809E}
	EndGlobalSection
EndGlobal
